// !$*UTF8*$!
{
	archiveVersion = 1;
	classes = {
	};
	objectVersion = 55;
	objects = {

/* Begin PBXBuildFile section */
		4A4FB66E27E8488600641097 /* Nosifer-Regular.ttf in Resources */ = {isa = PBXBuildFile; fileRef = 4A4FB66D27E8488600641097 /* Nosifer-Regular.ttf */; };
		4A85780F27E71C4E00A4D9F1 /* Collectible.swift in Sources */ = {isa = PBXBuildFile; fileRef = 4A85780E27E71C4E00A4D9F1 /* Collectible.swift */; };
		4A92085B27EDE62700A0A74B /* music.mp3 in Resources */ = {isa = PBXBuildFile; fileRef = 4A92085A27EDE62700A0A74B /* music.mp3 */; };
		4A92086227EDE64000A0A74B /* bubbles.mp3 in Resources */ = {isa = PBXBuildFile; fileRef = 4A92085C27EDE64000A0A74B /* bubbles.mp3 */; };
		4A92086327EDE64000A0A74B /* miss.wav in Resources */ = {isa = PBXBuildFile; fileRef = 4A92085D27EDE64000A0A74B /* miss.wav */; };
		4A92086427EDE64000A0A74B /* collect.wav in Resources */ = {isa = PBXBuildFile; fileRef = 4A92085E27EDE64000A0A74B /* collect.wav */; };
		4A92086527EDE64000A0A74B /* blob_mumble-3.wav in Resources */ = {isa = PBXBuildFile; fileRef = 4A92085F27EDE64000A0A74B /* blob_mumble-3.wav */; };
		4A92086627EDE64000A0A74B /* blob_mumble-1.wav in Resources */ = {isa = PBXBuildFile; fileRef = 4A92086027EDE64000A0A74B /* blob_mumble-1.wav */; };
		4A92086727EDE64000A0A74B /* blob_mumble-2.wav in Resources */ = {isa = PBXBuildFile; fileRef = 4A92086127EDE64000A0A74B /* blob_mumble-2.wav */; };
		4A92086927EEC14200A0A74B /* GloopFlow.sks in Resources */ = {isa = PBXBuildFile; fileRef = 4A92086827EEC14200A0A74B /* GloopFlow.sks */; };
		4A92086B27EEE14F00A0A74B /* Stars.sks in Resources */ = {isa = PBXBuildFile; fileRef = 4A92086A27EEE14F00A0A74B /* Stars.sks */; };
		4A92086D27EEE22400A0A74B /* robot.wav in Resources */ = {isa = PBXBuildFile; fileRef = 4A92086C27EEE22400A0A74B /* robot.wav */; };
		4AE1A7B027E57C35004FB83A /* AppDelegate.swift in Sources */ = {isa = PBXBuildFile; fileRef = 4AE1A7AF27E57C35004FB83A /* AppDelegate.swift */; };
		4AE1A7B627E57C35004FB83A /* GameScene.swift in Sources */ = {isa = PBXBuildFile; fileRef = 4AE1A7B527E57C35004FB83A /* GameScene.swift */; };
		4AE1A7B827E57C35004FB83A /* GameViewController.swift in Sources */ = {isa = PBXBuildFile; fileRef = 4AE1A7B727E57C35004FB83A /* GameViewController.swift */; };
		4AE1A7BB27E57C35004FB83A /* Main.storyboard in Resources */ = {isa = PBXBuildFile; fileRef = 4AE1A7B927E57C35004FB83A /* Main.storyboard */; };
		4AE1A7BD27E57C36004FB83A /* Assets.xcassets in Resources */ = {isa = PBXBuildFile; fileRef = 4AE1A7BC27E57C36004FB83A /* Assets.xcassets */; };
		4AE1A7C027E57C36004FB83A /* LaunchScreen.storyboard in Resources */ = {isa = PBXBuildFile; fileRef = 4AE1A7BE27E57C36004FB83A /* LaunchScreen.storyboard */; };
		4AE1A7C727E6CF4B004FB83A /* Player.swift in Sources */ = {isa = PBXBuildFile; fileRef = 4AE1A7C627E6CF4B004FB83A /* Player.swift */; };
		4AE1A7C927E6D057004FB83A /* SpriteKitHelper.swift in Sources */ = {isa = PBXBuildFile; fileRef = 4AE1A7C827E6D057004FB83A /* SpriteKitHelper.swift */; };
/* End PBXBuildFile section */

/* Begin PBXFileReference section */
		4A4FB66D27E8488600641097 /* Nosifer-Regular.ttf */ = {isa = PBXFileReference; lastKnownFileType = file; path = "Nosifer-Regular.ttf"; sourceTree = "<group>"; };
		4A4FB66F27E84A7700641097 /* Info.plist */ = {isa = PBXFileReference; lastKnownFileType = text.plist; path = Info.plist; sourceTree = "<group>"; };
		4A85780E27E71C4E00A4D9F1 /* Collectible.swift */ = {isa = PBXFileReference; lastKnownFileType = sourcecode.swift; path = Collectible.swift; sourceTree = "<group>"; };
		4A92085A27EDE62700A0A74B /* music.mp3 */ = {isa = PBXFileReference; lastKnownFileType = audio.mp3; path = music.mp3; sourceTree = "<group>"; };
		4A92085C27EDE64000A0A74B /* bubbles.mp3 */ = {isa = PBXFileReference; lastKnownFileType = audio.mp3; path = bubbles.mp3; sourceTree = "<group>"; };
		4A92085D27EDE64000A0A74B /* miss.wav */ = {isa = PBXFileReference; lastKnownFileType = audio.wav; path = miss.wav; sourceTree = "<group>"; };
		4A92085E27EDE64000A0A74B /* collect.wav */ = {isa = PBXFileReference; lastKnownFileType = audio.wav; path = collect.wav; sourceTree = "<group>"; };
		4A92085F27EDE64000A0A74B /* blob_mumble-3.wav */ = {isa = PBXFileReference; lastKnownFileType = audio.wav; path = "blob_mumble-3.wav"; sourceTree = "<group>"; };
		4A92086027EDE64000A0A74B /* blob_mumble-1.wav */ = {isa = PBXFileReference; lastKnownFileType = audio.wav; path = "blob_mumble-1.wav"; sourceTree = "<group>"; };
		4A92086127EDE64000A0A74B /* blob_mumble-2.wav */ = {isa = PBXFileReference; lastKnownFileType = audio.wav; path = "blob_mumble-2.wav"; sourceTree = "<group>"; };
		4A92086827EEC14200A0A74B /* GloopFlow.sks */ = {isa = PBXFileReference; lastKnownFileType = file.sks; path = GloopFlow.sks; sourceTree = "<group>"; };
		4A92086A27EEE14F00A0A74B /* Stars.sks */ = {isa = PBXFileReference; lastKnownFileType = file.sks; path = Stars.sks; sourceTree = "<group>"; };
		4A92086C27EEE22400A0A74B /* robot.wav */ = {isa = PBXFileReference; lastKnownFileType = audio.wav; path = robot.wav; sourceTree = "<group>"; };
		4AE1A7AC27E57C35004FB83A /* gloopdrop.app */ = {isa = PBXFileReference; explicitFileType = wrapper.application; includeInIndex = 0; path = gloopdrop.app; sourceTree = BUILT_PRODUCTS_DIR; };
		4AE1A7AF27E57C35004FB83A /* AppDelegate.swift */ = {isa = PBXFileReference; lastKnownFileType = sourcecode.swift; path = AppDelegate.swift; sourceTree = "<group>"; };
		4AE1A7B527E57C35004FB83A /* GameScene.swift */ = {isa = PBXFileReference; lastKnownFileType = sourcecode.swift; path = GameScene.swift; sourceTree = "<group>"; };
		4AE1A7B727E57C35004FB83A /* GameViewController.swift */ = {isa = PBXFileReference; lastKnownFileType = sourcecode.swift; path = GameViewController.swift; sourceTree = "<group>"; };
		4AE1A7BA27E57C35004FB83A /* Base */ = {isa = PBXFileReference; lastKnownFileType = file.storyboard; name = Base; path = Base.lproj/Main.storyboard; sourceTree = "<group>"; };
		4AE1A7BC27E57C36004FB83A /* Assets.xcassets */ = {isa = PBXFileReference; lastKnownFileType = folder.assetcatalog; path = Assets.xcassets; sourceTree = "<group>"; };
		4AE1A7BF27E57C36004FB83A /* Base */ = {isa = PBXFileReference; lastKnownFileType = file.storyboard; name = Base; path = Base.lproj/LaunchScreen.storyboard; sourceTree = "<group>"; };
		4AE1A7C627E6CF4B004FB83A /* Player.swift */ = {isa = PBXFileReference; lastKnownFileType = sourcecode.swift; path = Player.swift; sourceTree = "<group>"; };
		4AE1A7C827E6D057004FB83A /* SpriteKitHelper.swift */ = {isa = PBXFileReference; lastKnownFileType = sourcecode.swift; path = SpriteKitHelper.swift; sourceTree = "<group>"; };
/* End PBXFileReference section */

/* Begin PBXFrameworksBuildPhase section */
		4AE1A7A927E57C35004FB83A /* Frameworks */ = {
			isa = PBXFrameworksBuildPhase;
			buildActionMask = 2147483647;
			files = (
			);
			runOnlyForDeploymentPostprocessing = 0;
		};
/* End PBXFrameworksBuildPhase section */

/* Begin PBXGroup section */
		4A4FB66C27E8486500641097 /* Fonts */ = {
			isa = PBXGroup;
			children = (
				4A4FB66D27E8488600641097 /* Nosifer-Regular.ttf */,
			);
			path = Fonts;
			sourceTree = "<group>";
		};
		4A92085827EDE57900A0A74B /* Music */ = {
			isa = PBXGroup;
			children = (
				4A92085A27EDE62700A0A74B /* music.mp3 */,
			);
			path = Music;
			sourceTree = "<group>";
		};
		4A92085927EDE58500A0A74B /* Sounds */ = {
			isa = PBXGroup;
			children = (
				4A92086C27EEE22400A0A74B /* robot.wav */,
				4A92086027EDE64000A0A74B /* blob_mumble-1.wav */,
				4A92086127EDE64000A0A74B /* blob_mumble-2.wav */,
				4A92085F27EDE64000A0A74B /* blob_mumble-3.wav */,
				4A92085C27EDE64000A0A74B /* bubbles.mp3 */,
				4A92085E27EDE64000A0A74B /* collect.wav */,
				4A92085D27EDE64000A0A74B /* miss.wav */,
			);
			path = Sounds;
			sourceTree = "<group>";
		};
		4AE1A7A327E57C35004FB83A = {
			isa = PBXGroup;
			children = (
				4AE1A7AE27E57C35004FB83A /* gloopdrop */,
				4AE1A7AD27E57C35004FB83A /* Products */,
			);
			sourceTree = "<group>";
		};
		4AE1A7AD27E57C35004FB83A /* Products */ = {
			isa = PBXGroup;
			children = (
				4AE1A7AC27E57C35004FB83A /* gloopdrop.app */,
			);
			name = Products;
			sourceTree = "<group>";
		};
		4AE1A7AE27E57C35004FB83A /* gloopdrop */ = {
			isa = PBXGroup;
			children = (
				4A92085927EDE58500A0A74B /* Sounds */,
				4A92085827EDE57900A0A74B /* Music */,
				4A4FB66C27E8486500641097 /* Fonts */,
				4AE1A7AF27E57C35004FB83A /* AppDelegate.swift */,
				4AE1A7B527E57C35004FB83A /* GameScene.swift */,
				4A92086827EEC14200A0A74B /* GloopFlow.sks */,
				4A92086A27EEE14F00A0A74B /* Stars.sks */,
				4AE1A7C627E6CF4B004FB83A /* Player.swift */,
				4AE1A7C827E6D057004FB83A /* SpriteKitHelper.swift */,
				4A85780E27E71C4E00A4D9F1 /* Collectible.swift */,
				4AE1A7B727E57C35004FB83A /* GameViewController.swift */,
				4AE1A7B927E57C35004FB83A /* Main.storyboard */,
				4A4FB66F27E84A7700641097 /* Info.plist */,
				4AE1A7BC27E57C36004FB83A /* Assets.xcassets */,
				4AE1A7BE27E57C36004FB83A /* LaunchScreen.storyboard */,
			);
			path = gloopdrop;
			sourceTree = "<group>";
		};
/* End PBXGroup section */

/* Begin PBXNativeTarget section */
		4AE1A7AB27E57C35004FB83A /* gloopdrop */ = {
			isa = PBXNativeTarget;
			buildConfigurationList = 4AE1A7C327E57C36004FB83A /* Build configuration list for PBXNativeTarget "gloopdrop" */;
			buildPhases = (
				4AE1A7A827E57C35004FB83A /* Sources */,
				4AE1A7A927E57C35004FB83A /* Frameworks */,
				4AE1A7AA27E57C35004FB83A /* Resources */,
			);
			buildRules = (
			);
			dependencies = (
			);
			name = gloopdrop;
			productName = gloopdrop;
			productReference = 4AE1A7AC27E57C35004FB83A /* gloopdrop.app */;
			productType = "com.apple.product-type.application";
		};
/* End PBXNativeTarget section */

/* Begin PBXProject section */
		4AE1A7A427E57C35004FB83A /* Project object */ = {
			isa = PBXProject;
			attributes = {
				BuildIndependentTargetsInParallel = 1;
				LastSwiftUpdateCheck = 1330;
				LastUpgradeCheck = 1330;
				TargetAttributes = {
					4AE1A7AB27E57C35004FB83A = {
						CreatedOnToolsVersion = 13.3;
					};
				};
			};
			buildConfigurationList = 4AE1A7A727E57C35004FB83A /* Build configuration list for PBXProject "gloopdrop" */;
			compatibilityVersion = "Xcode 13.0";
			developmentRegion = en;
			hasScannedForEncodings = 0;
			knownRegions = (
				en,
				Base,
			);
			mainGroup = 4AE1A7A327E57C35004FB83A;
			productRefGroup = 4AE1A7AD27E57C35004FB83A /* Products */;
			projectDirPath = "";
			projectRoot = "";
			targets = (
				4AE1A7AB27E57C35004FB83A /* gloopdrop */,
			);
		};
/* End PBXProject section */

/* Begin PBXResourcesBuildPhase section */
		4AE1A7AA27E57C35004FB83A /* Resources */ = {
			isa = PBXResourcesBuildPhase;
			buildActionMask = 2147483647;
			files = (
				4A92086B27EEE14F00A0A74B /* Stars.sks in Resources */,
				4A92085B27EDE62700A0A74B /* music.mp3 in Resources */,
				4A92086927EEC14200A0A74B /* GloopFlow.sks in Resources */,
				4A92086D27EEE22400A0A74B /* robot.wav in Resources */,
				4A92086327EDE64000A0A74B /* miss.wav in Resources */,
				4A4FB66E27E8488600641097 /* Nosifer-Regular.ttf in Resources */,
				4A92086227EDE64000A0A74B /* bubbles.mp3 in Resources */,
				4A92086527EDE64000A0A74B /* blob_mumble-3.wav in Resources */,
				4A92086727EDE64000A0A74B /* blob_mumble-2.wav in Resources */,
				4AE1A7BB27E57C35004FB83A /* Main.storyboard in Resources */,
				4A92086427EDE64000A0A74B /* collect.wav in Resources */,
				4A92086627EDE64000A0A74B /* blob_mumble-1.wav in Resources */,
				4AE1A7BD27E57C36004FB83A /* Assets.xcassets in Resources */,
				4AE1A7C027E57C36004FB83A /* LaunchScreen.storyboard in Resources */,
			);
			runOnlyForDeploymentPostprocessing = 0;
		};
/* End PBXResourcesBuildPhase section */

/* Begin PBXSourcesBuildPhase section */
		4AE1A7A827E57C35004FB83A /* Sources */ = {
			isa = PBXSourcesBuildPhase;
			buildActionMask = 2147483647;
			files = (
				4AE1A7C727E6CF4B004FB83A /* Player.swift in Sources */,
				4AE1A7B627E57C35004FB83A /* GameScene.swift in Sources */,
				4A85780F27E71C4E00A4D9F1 /* Collectible.swift in Sources */,
				4AE1A7B827E57C35004FB83A /* GameViewController.swift in Sources */,
				4AE1A7C927E6D057004FB83A /* SpriteKitHelper.swift in Sources */,
				4AE1A7B027E57C35004FB83A /* AppDelegate.swift in Sources */,
			);
			runOnlyForDeploymentPostprocessing = 0;
		};
/* End PBXSourcesBuildPhase section */

/* Begin PBXVariantGroup section */
		4AE1A7B927E57C35004FB83A /* Main.storyboard */ = {
			isa = PBXVariantGroup;
			children = (
				4AE1A7BA27E57C35004FB83A /* Base */,
			);
			name = Main.storyboard;
			sourceTree = "<group>";
		};
		4AE1A7BE27E57C36004FB83A /* LaunchScreen.storyboard */ = {
			isa = PBXVariantGroup;
			children = (
				4AE1A7BF27E57C36004FB83A /* Base */,
			);
			name = LaunchScreen.storyboard;
			sourceTree = "<group>";
		};
/* End PBXVariantGroup section */

/* Begin XCBuildConfiguration section */
		4AE1A7C127E57C36004FB83A /* Debug */ = {
			isa = XCBuildConfiguration;
			buildSettings = {
				ALWAYS_SEARCH_USER_PATHS = NO;
				CLANG_ANALYZER_NONNULL = YES;
				CLANG_ANALYZER_NUMBER_OBJECT_CONVERSION = YES_AGGRESSIVE;
				CLANG_CXX_LANGUAGE_STANDARD = "gnu++17";
				CLANG_ENABLE_MODULES = YES;
				CLANG_ENABLE_OBJC_ARC = YES;
				CLANG_ENABLE_OBJC_WEAK = YES;
				CLANG_WARN_BLOCK_CAPTURE_AUTORELEASING = YES;
				CLANG_WARN_BOOL_CONVERSION = YES;
				CLANG_WARN_COMMA = YES;
				CLANG_WARN_CONSTANT_CONVERSION = YES;
				CLANG_WARN_DEPRECATED_OBJC_IMPLEMENTATIONS = YES;
				CLANG_WARN_DIRECT_OBJC_ISA_USAGE = YES_ERROR;
				CLANG_WARN_DOCUMENTATION_COMMENTS = YES;
				CLANG_WARN_EMPTY_BODY = YES;
				CLANG_WARN_ENUM_CONVERSION = YES;
				CLANG_WARN_INFINITE_RECURSION = YES;
				CLANG_WARN_INT_CONVERSION = YES;
				CLANG_WARN_NON_LITERAL_NULL_CONVERSION = YES;
				CLANG_WARN_OBJC_IMPLICIT_RETAIN_SELF = YES;
				CLANG_WARN_OBJC_LITERAL_CONVERSION = YES;
				CLANG_WARN_OBJC_ROOT_CLASS = YES_ERROR;
				CLANG_WARN_QUOTED_INCLUDE_IN_FRAMEWORK_HEADER = YES;
				CLANG_WARN_RANGE_LOOP_ANALYSIS = YES;
				CLANG_WARN_STRICT_PROTOTYPES = YES;
				CLANG_WARN_SUSPICIOUS_MOVE = YES;
				CLANG_WARN_UNGUARDED_AVAILABILITY = YES_AGGRESSIVE;
				CLANG_WARN_UNREACHABLE_CODE = YES;
				CLANG_WARN__DUPLICATE_METHOD_MATCH = YES;
				COPY_PHASE_STRIP = NO;
				DEBUG_INFORMATION_FORMAT = dwarf;
				ENABLE_STRICT_OBJC_MSGSEND = YES;
				ENABLE_TESTABILITY = YES;
				GCC_C_LANGUAGE_STANDARD = gnu11;
				GCC_DYNAMIC_NO_PIC = NO;
				GCC_NO_COMMON_BLOCKS = YES;
				GCC_OPTIMIZATION_LEVEL = 0;
				GCC_PREPROCESSOR_DEFINITIONS = (
					"DEBUG=1",
					"$(inherited)",
				);
				GCC_WARN_64_TO_32_BIT_CONVERSION = YES;
				GCC_WARN_ABOUT_RETURN_TYPE = YES_ERROR;
				GCC_WARN_UNDECLARED_SELECTOR = YES;
				GCC_WARN_UNINITIALIZED_AUTOS = YES_AGGRESSIVE;
				GCC_WARN_UNUSED_FUNCTION = YES;
				GCC_WARN_UNUSED_VARIABLE = YES;
				IPHONEOS_DEPLOYMENT_TARGET = 12.0;
				MTL_ENABLE_DEBUG_INFO = INCLUDE_SOURCE;
				MTL_FAST_MATH = YES;
				ONLY_ACTIVE_ARCH = YES;
				SDKROOT = iphoneos;
				SWIFT_ACTIVE_COMPILATION_CONDITIONS = DEBUG;
				SWIFT_OPTIMIZATION_LEVEL = "-Onone";
			};
			name = Debug;
		};
		4AE1A7C227E57C36004FB83A /* Release */ = {
			isa = XCBuildConfiguration;
			buildSettings = {
				ALWAYS_SEARCH_USER_PATHS = NO;
				CLANG_ANALYZER_NONNULL = YES;
				CLANG_ANALYZER_NUMBER_OBJECT_CONVERSION = YES_AGGRESSIVE;
				CLANG_CXX_LANGUAGE_STANDARD = "gnu++17";
				CLANG_ENABLE_MODULES = YES;
				CLANG_ENABLE_OBJC_ARC = YES;
				CLANG_ENABLE_OBJC_WEAK = YES;
				CLANG_WARN_BLOCK_CAPTURE_AUTORELEASING = YES;
				CLANG_WARN_BOOL_CONVERSION = YES;
				CLANG_WARN_COMMA = YES;
				CLANG_WARN_CONSTANT_CONVERSION = YES;
				CLANG_WARN_DEPRECATED_OBJC_IMPLEMENTATIONS = YES;
				CLANG_WARN_DIRECT_OBJC_ISA_USAGE = YES_ERROR;
				CLANG_WARN_DOCUMENTATION_COMMENTS = YES;
				CLANG_WARN_EMPTY_BODY = YES;
				CLANG_WARN_ENUM_CONVERSION = YES;
				CLANG_WARN_INFINITE_RECURSION = YES;
				CLANG_WARN_INT_CONVERSION = YES;
				CLANG_WARN_NON_LITERAL_NULL_CONVERSION = YES;
				CLANG_WARN_OBJC_IMPLICIT_RETAIN_SELF = YES;
				CLANG_WARN_OBJC_LITERAL_CONVERSION = YES;
				CLANG_WARN_OBJC_ROOT_CLASS = YES_ERROR;
				CLANG_WARN_QUOTED_INCLUDE_IN_FRAMEWORK_HEADER = YES;
				CLANG_WARN_RANGE_LOOP_ANALYSIS = YES;
				CLANG_WARN_STRICT_PROTOTYPES = YES;
				CLANG_WARN_SUSPICIOUS_MOVE = YES;
				CLANG_WARN_UNGUARDED_AVAILABILITY = YES_AGGRESSIVE;
				CLANG_WARN_UNREACHABLE_CODE = YES;
				CLANG_WARN__DUPLICATE_METHOD_MATCH = YES;
				COPY_PHASE_STRIP = NO;
				DEBUG_INFORMATION_FORMAT = "dwarf-with-dsym";
				ENABLE_NS_ASSERTIONS = NO;
				ENABLE_STRICT_OBJC_MSGSEND = YES;
				GCC_C_LANGUAGE_STANDARD = gnu11;
				GCC_NO_COMMON_BLOCKS = YES;
				GCC_WARN_64_TO_32_BIT_CONVERSION = YES;
				GCC_WARN_ABOUT_RETURN_TYPE = YES_ERROR;
				GCC_WARN_UNDECLARED_SELECTOR = YES;
				GCC_WARN_UNINITIALIZED_AUTOS = YES_AGGRESSIVE;
				GCC_WARN_UNUSED_FUNCTION = YES;
				GCC_WARN_UNUSED_VARIABLE = YES;
				IPHONEOS_DEPLOYMENT_TARGET = 12.0;
				MTL_ENABLE_DEBUG_INFO = NO;
				MTL_FAST_MATH = YES;
				SDKROOT = iphoneos;
				SWIFT_COMPILATION_MODE = wholemodule;
				SWIFT_OPTIMIZATION_LEVEL = "-O";
				VALIDATE_PRODUCT = YES;
			};
			name = Release;
		};
		4AE1A7C427E57C36004FB83A /* Debug */ = {
			isa = XCBuildConfiguration;
			buildSettings = {
				ASSETCATALOG_COMPILER_APPICON_NAME = AppIcon;
				ASSETCATALOG_COMPILER_GLOBAL_ACCENT_COLOR_NAME = AccentColor;
				CODE_SIGN_STYLE = Automatic;
				CURRENT_PROJECT_VERSION = 1;
				DEVELOPMENT_TEAM = Y3UEYST8W9;
				GENERATE_INFOPLIST_FILE = YES;
				INFOPLIST_FILE = gloopdrop/Info.plist;
				INFOPLIST_KEY_UIApplicationSupportsIndirectInputEvents = YES;
				INFOPLIST_KEY_UILaunchStoryboardName = LaunchScreen;
				INFOPLIST_KEY_UIMainStoryboardFile = Main;
				INFOPLIST_KEY_UIRequiresFullScreen = YES;
				INFOPLIST_KEY_UIStatusBarHidden = YES;
				INFOPLIST_KEY_UISupportedInterfaceOrientations = "UIInterfaceOrientationLandscapeLeft UIInterfaceOrientationLandscapeRight";
				INFOPLIST_KEY_UISupportedInterfaceOrientations_iPad = "UIInterfaceOrientationLandscapeLeft UIInterfaceOrientationLandscapeRight";
				INFOPLIST_KEY_UISupportedInterfaceOrientations_iPhone = "UIInterfaceOrientationLandscapeLeft UIInterfaceOrientationLandscapeRight";
				IPHONEOS_DEPLOYMENT_TARGET = 12.0;
				LD_RUNPATH_SEARCH_PATHS = (
					"$(inherited)",
					"@executable_path/Frameworks",
				);
				MARKETING_VERSION = 1.0;
				PRODUCT_BUNDLE_IDENTIFIER = Aaron.gloopdrop;
				PRODUCT_NAME = "$(TARGET_NAME)";
				SWIFT_EMIT_LOC_STRINGS = YES;
				SWIFT_VERSION = 5.0;
				TARGETED_DEVICE_FAMILY = "1,2";
			};
			name = Debug;
		};
		4AE1A7C527E57C36004FB83A /* Release */ = {
			isa = XCBuildConfiguration;
			buildSettings = {
				ASSETCATALOG_COMPILER_APPICON_NAME = AppIcon;
				ASSETCATALOG_COMPILER_GLOBAL_ACCENT_COLOR_NAME = AccentColor;
				CODE_SIGN_STYLE = Automatic;
				CURRENT_PROJECT_VERSION = 1;
				DEVELOPMENT_TEAM = Y3UEYST8W9;
				GENERATE_INFOPLIST_FILE = YES;
				INFOPLIST_FILE = gloopdrop/Info.plist;
				INFOPLIST_KEY_UIApplicationSupportsIndirectInputEvents = YES;
				INFOPLIST_KEY_UILaunchStoryboardName = LaunchScreen;
				INFOPLIST_KEY_UIMainStoryboardFile = Main;
				INFOPLIST_KEY_UIRequiresFullScreen = YES;
				INFOPLIST_KEY_UIStatusBarHidden = YES;
				INFOPLIST_KEY_UISupportedInterfaceOrientations = "UIInterfaceOrientationLandscapeLeft UIInterfaceOrientationLandscapeRight";
				INFOPLIST_KEY_UISupportedInterfaceOrientations_iPad = "UIInterfaceOrientationLandscapeLeft UIInterfaceOrientationLandscapeRight";
				INFOPLIST_KEY_UISupportedInterfaceOrientations_iPhone = "UIInterfaceOrientationLandscapeLeft UIInterfaceOrientationLandscapeRight";
				IPHONEOS_DEPLOYMENT_TARGET = 12.0;
				LD_RUNPATH_SEARCH_PATHS = (
					"$(inherited)",
					"@executable_path/Frameworks",
				);
				MARKETING_VERSION = 1.0;
				PRODUCT_BUNDLE_IDENTIFIER = Aaron.gloopdrop;
				PRODUCT_NAME = "$(TARGET_NAME)";
				SWIFT_EMIT_LOC_STRINGS = YES;
				SWIFT_VERSION = 5.0;
				TARGETED_DEVICE_FAMILY = "1,2";
			};
			name = Release;
		};
/* End XCBuildConfiguration section */

/* Begin XCConfigurationList section */
		4AE1A7A727E57C35004FB83A /* Build configuration list for PBXProject "gloopdrop" */ = {
			isa = XCConfigurationList;
			buildConfigurations = (
				4AE1A7C127E57C36004FB83A /* Debug */,
				4AE1A7C227E57C36004FB83A /* Release */,
			);
			defaultConfigurationIsVisible = 0;
			defaultConfigurationName = Release;
		};
		4AE1A7C327E57C36004FB83A /* Build configuration list for PBXNativeTarget "gloopdrop" */ = {
			isa = XCConfigurationList;
			buildConfigurations = (
				4AE1A7C427E57C36004FB83A /* Debug */,
				4AE1A7C527E57C36004FB83A /* Release */,
			);
			defaultConfigurationIsVisible = 0;
			defaultConfigurationName = Release;
		};
/* End XCConfigurationList section */
	};
	rootObject = 4AE1A7A427E57C35004FB83A /* Project object */;
}
